
Microsoft Visual Studio Solution File, Format Version 12.00
# Visual Studio Version 17
VisualStudioVersion = 17.8.34330.188
MinimumVisualStudioVersion = 10.0.40219.1
Project("{FAE04EC0-301F-11D3-BF4B-00C04F79EFBC}") = "pryLopezFirma", "pryLopezFirma.csproj", "{97485F6D-7CB1-4D4B-87CD-002A67305517}"
EndProject
Global
	GlobalSection(SolutionConfigurationPlatforms) = preSolution
		Debug|Any CPU = Debug|Any CPU
		Release|Any CPU = Release|Any CPU
	EndGlobalSection
	GlobalSection(ProjectConfigurationPlatforms) = postSolution
		{97485F6D-7CB1-4D4B-87CD-002A67305517}.Debug|Any CPU.ActiveCfg = Debug|Any CPU
		{97485F6D-7CB1-4D4B-87CD-002A67305517}.Debug|Any CPU.Build.0 = Debug|Any CPU
		{97485F6D-7CB1-4D4B-87CD-002A67305517}.Release|Any CPU.ActiveCfg = Release|Any CPU
		{97485F6D-7CB1-4D4B-87CD-002A67305517}.Release|Any CPU.Build.0 = Release|Any CPU
	EndGlobalSection
	GlobalSection(SolutionProperties) = preSolution
		HideSolutionNode = FALSE
	EndGlobalSection
	GlobalSection(ExtensibilityGlobals) = postSolution
		SolutionGuid = {E87EFFBF-F051-4F82-8B61-F93DA2C1F246}
	EndGlobalSection
EndGlobal
